
Microsoft Visual Studio Solution File, Format Version 12.00
# Visual Studio 15
VisualStudioVersion = 15.0.28010.2048
MinimumVisualStudioVersion = 10.0.40219.1
Project("{FAE04EC0-301F-11D3-BF4B-00C04F79EFBC}") = "Api_Data", "Api_Data\Api_Data.csproj", "{DB685281-61E2-45D8-A25D-7B456562DF06}"
EndProject
Global
	GlobalSection(SolutionConfigurationPlatforms) = preSolution
		Debug|Any CPU = Debug|Any CPU
		Release|Any CPU = Release|Any CPU
	EndGlobalSection
	GlobalSection(ProjectConfigurationPlatforms) = postSolution
		{DB685281-61E2-45D8-A25D-7B456562DF06}.Debug|Any CPU.ActiveCfg = Debug|Any CPU
		{DB685281-61E2-45D8-A25D-7B456562DF06}.Debug|Any CPU.Build.0 = Debug|Any CPU
		{DB685281-61E2-45D8-A25D-7B456562DF06}.Release|Any CPU.ActiveCfg = Release|Any CPU
		{DB685281-61E2-45D8-A25D-7B456562DF06}.Release|Any CPU.Build.0 = Release|Any CPU
	EndGlobalSection
	GlobalSection(SolutionProperties) = preSolution
		HideSolutionNode = FALSE
	EndGlobalSection
	GlobalSection(ExtensibilityGlobals) = postSolution
		SolutionGuid = {AA95A60B-7B61-42AC-AED0-3A12F75AE467}
	EndGlobalSection
EndGlobal
